
Microsoft Visual Studio Solution File, Format Version 12.00
# Visual Studio Version 16
VisualStudioVersion = 16.0.29613.14
MinimumVisualStudioVersion = 10.0.40219.1
Project("{FAE04EC0-301F-11D3-BF4B-00C04F79EFBC}") = "SimpleSynth", "SimpleSynth\SimpleSynth.csproj", "{B42A2937-74A4-4B8E-813A-BC7EB3BC2D92}"
EndProject
Project("{FAE04EC0-301F-11D3-BF4B-00C04F79EFBC}") = "Interfaces", "Interfaces\Interfaces.csproj", "{280F61AE-8317-43D4-90A1-8966F7062026}"
EndProject
Project("{FAE04EC0-301F-11D3-BF4B-00C04F79EFBC}") = "ClassCreator", "ClassCreator\ClassCreator.csproj", "{102314D0-58AF-44A5-B90E-4D69AA1755BD}"
EndProject
Project("{FAE04EC0-301F-11D3-BF4B-00C04F79EFBC}") = "UnitTestProject", "UnitTestProject\UnitTestProject.csproj", "{F7B02666-64E3-4099-A17B-60FA8DB5894D}"
EndProject
Global
	GlobalSection(SolutionConfigurationPlatforms) = preSolution
		Debug|Any CPU = Debug|Any CPU
		Release|Any CPU = Release|Any CPU
	EndGlobalSection
	GlobalSection(ProjectConfigurationPlatforms) = postSolution
		{B42A2937-74A4-4B8E-813A-BC7EB3BC2D92}.Debug|Any CPU.ActiveCfg = Debug|Any CPU
		{B42A2937-74A4-4B8E-813A-BC7EB3BC2D92}.Debug|Any CPU.Build.0 = Debug|Any CPU
		{B42A2937-74A4-4B8E-813A-BC7EB3BC2D92}.Release|Any CPU.ActiveCfg = Release|Any CPU
		{B42A2937-74A4-4B8E-813A-BC7EB3BC2D92}.Release|Any CPU.Build.0 = Release|Any CPU
		{280F61AE-8317-43D4-90A1-8966F7062026}.Debug|Any CPU.ActiveCfg = Debug|Any CPU
		{280F61AE-8317-43D4-90A1-8966F7062026}.Debug|Any CPU.Build.0 = Debug|Any CPU
		{280F61AE-8317-43D4-90A1-8966F7062026}.Release|Any CPU.ActiveCfg = Release|Any CPU
		{280F61AE-8317-43D4-90A1-8966F7062026}.Release|Any CPU.Build.0 = Release|Any CPU
		{102314D0-58AF-44A5-B90E-4D69AA1755BD}.Debug|Any CPU.ActiveCfg = Debug|Any CPU
		{102314D0-58AF-44A5-B90E-4D69AA1755BD}.Debug|Any CPU.Build.0 = Debug|Any CPU
		{102314D0-58AF-44A5-B90E-4D69AA1755BD}.Release|Any CPU.ActiveCfg = Release|Any CPU
		{102314D0-58AF-44A5-B90E-4D69AA1755BD}.Release|Any CPU.Build.0 = Release|Any CPU
		{F7B02666-64E3-4099-A17B-60FA8DB5894D}.Debug|Any CPU.ActiveCfg = Debug|Any CPU
		{F7B02666-64E3-4099-A17B-60FA8DB5894D}.Debug|Any CPU.Build.0 = Debug|Any CPU
		{F7B02666-64E3-4099-A17B-60FA8DB5894D}.Release|Any CPU.ActiveCfg = Release|Any CPU
		{F7B02666-64E3-4099-A17B-60FA8DB5894D}.Release|Any CPU.Build.0 = Release|Any CPU
	EndGlobalSection
	GlobalSection(SolutionProperties) = preSolution
		HideSolutionNode = FALSE
	EndGlobalSection
	GlobalSection(ExtensibilityGlobals) = postSolution
		SolutionGuid = {9912F3C6-2630-4CA2-BD70-A4212CD697C5}
	EndGlobalSection
EndGlobal
